---
eks:
  source: terraform-aws-modules/eks/aws
  version: 20.0.1
  type: registry
  url: https://github.com/terraform-aws-modules/terraform-aws-eks
  sha: 0b44d616f3e07b8d44f69860552310b8315929c8
key-pair:
  source: terraform-aws-modules/key-pair/aws
  version: 2.0.2
  type: registry
  url: https://github.com/terraform-aws-modules/terraform-aws-key-pair
  sha: 1b2abd5b8255f63b2afe164e243776cb16b813af
vpc:
  source: terraform-aws-modules/vpc/aws
  version: 5.5.1
  type: registry
  url: https://github.com/terraform-aws-modules/terraform-aws-vpc
  sha: 7666869d9ca7ff658f5bd10a29dea53bde5dc464
